
Microsoft Visual Studio Solution File, Format Version 12.00
# Visual Studio 15
VisualStudioVersion = 15.0.25807.0
MinimumVisualStudioVersion = 10.0.40219.1
Project("{2150E333-8FDC-42A3-9474-1A3956D46DE8}") = "Engine", "Engine", "{E4D3A313-92EA-44BE-B1A6-5C4FF8F0AF98}"
EndProject
Project("{2150E333-8FDC-42A3-9474-1A3956D46DE8}") = "Games", "Games", "{8D8B8130-9832-413A-B958-BA1AE0434345}"
EndProject
Project("{8BC9CEB8-8B4A-11D0-8D11-00A0C91BC942}") = "RacingGame", "Intermediate\ProjectFiles\RacingGame.vcxproj", "{61D4CF03-3628-4C11-B3DC-7A2C26643E3E}"
EndProject
Project("{8BC9CEB8-8B4A-11D0-8D11-00A0C91BC942}") = "UE4", "Intermediate\ProjectFiles\UE4.vcxproj", "{D780BDEA-AEC4-4103-9CA1-F27F755F0050}"
EndProject
Project("{2150E333-8FDC-42A3-9474-1A3956D46DE8}") = "Visualizers", "Visualizers", "{7FD44002-3F4A-49F8-8AC0-4F60E870C046}"
	ProjectSection(SolutionItems) = preProject
		..\..\..\UnrealProjects\UE_4.23\Engine\Extras\VisualStudioDebugging\UE4.natvis = ..\..\..\UnrealProjects\UE_4.23\Engine\Extras\VisualStudioDebugging\UE4.natvis
	EndProjectSection
EndProject
Global
	GlobalSection(SolutionConfigurationPlatforms) = preSolution
		DebugGame Editor|HTML5 = DebugGame Editor|HTML5
		DebugGame Editor|Win32 = DebugGame Editor|Win32
		DebugGame Editor|Win64 = DebugGame Editor|Win64
		DebugGame|HTML5 = DebugGame|HTML5
		DebugGame|Win32 = DebugGame|Win32
		DebugGame|Win64 = DebugGame|Win64
		Development Editor|HTML5 = Development Editor|HTML5
		Development Editor|Win32 = Development Editor|Win32
		Development Editor|Win64 = Development Editor|Win64
		Development|HTML5 = Development|HTML5
		Development|Win32 = Development|Win32
		Development|Win64 = Development|Win64
		Shipping|HTML5 = Shipping|HTML5
		Shipping|Win32 = Shipping|Win32
		Shipping|Win64 = Shipping|Win64
	EndGlobalSection
	GlobalSection(ProjectConfigurationPlatforms) = postSolution
		{61D4CF03-3628-4C11-B3DC-7A2C26643E3E}.DebugGame Editor|HTML5.ActiveCfg = Invalid|Win32
		{61D4CF03-3628-4C11-B3DC-7A2C26643E3E}.DebugGame Editor|Win32.ActiveCfg = Invalid|Win32
		{61D4CF03-3628-4C11-B3DC-7A2C26643E3E}.DebugGame Editor|Win64.ActiveCfg = DebugGame_Editor|x64
		{61D4CF03-3628-4C11-B3DC-7A2C26643E3E}.DebugGame Editor|Win64.Build.0 = DebugGame_Editor|x64
		{61D4CF03-3628-4C11-B3DC-7A2C26643E3E}.DebugGame|HTML5.ActiveCfg = HTML5_DebugGame|Win32
		{61D4CF03-3628-4C11-B3DC-7A2C26643E3E}.DebugGame|HTML5.Build.0 = HTML5_DebugGame|Win32
		{61D4CF03-3628-4C11-B3DC-7A2C26643E3E}.DebugGame|Win32.ActiveCfg = DebugGame|Win32
		{61D4CF03-3628-4C11-B3DC-7A2C26643E3E}.DebugGame|Win32.Build.0 = DebugGame|Win32
		{61D4CF03-3628-4C11-B3DC-7A2C26643E3E}.DebugGame|Win64.ActiveCfg = DebugGame|x64
		{61D4CF03-3628-4C11-B3DC-7A2C26643E3E}.DebugGame|Win64.Build.0 = DebugGame|x64
		{61D4CF03-3628-4C11-B3DC-7A2C26643E3E}.Development Editor|HTML5.ActiveCfg = Invalid|Win32
		{61D4CF03-3628-4C11-B3DC-7A2C26643E3E}.Development Editor|Win32.ActiveCfg = Invalid|Win32
		{61D4CF03-3628-4C11-B3DC-7A2C26643E3E}.Development Editor|Win64.ActiveCfg = Development_Editor|x64
		{61D4CF03-3628-4C11-B3DC-7A2C26643E3E}.Development Editor|Win64.Build.0 = Development_Editor|x64
		{61D4CF03-3628-4C11-B3DC-7A2C26643E3E}.Development|HTML5.ActiveCfg = HTML5_Development|Win32
		{61D4CF03-3628-4C11-B3DC-7A2C26643E3E}.Development|HTML5.Build.0 = HTML5_Development|Win32
		{61D4CF03-3628-4C11-B3DC-7A2C26643E3E}.Development|Win32.ActiveCfg = Development|Win32
		{61D4CF03-3628-4C11-B3DC-7A2C26643E3E}.Development|Win32.Build.0 = Development|Win32
		{61D4CF03-3628-4C11-B3DC-7A2C26643E3E}.Development|Win64.ActiveCfg = Development|x64
		{61D4CF03-3628-4C11-B3DC-7A2C26643E3E}.Development|Win64.Build.0 = Development|x64
		{61D4CF03-3628-4C11-B3DC-7A2C26643E3E}.Shipping|HTML5.ActiveCfg = HTML5_Shipping|Win32
		{61D4CF03-3628-4C11-B3DC-7A2C26643E3E}.Shipping|HTML5.Build.0 = HTML5_Shipping|Win32
		{61D4CF03-3628-4C11-B3DC-7A2C26643E3E}.Shipping|Win32.ActiveCfg = Shipping|Win32
		{61D4CF03-3628-4C11-B3DC-7A2C26643E3E}.Shipping|Win32.Build.0 = Shipping|Win32
		{61D4CF03-3628-4C11-B3DC-7A2C26643E3E}.Shipping|Win64.ActiveCfg = Shipping|x64
		{61D4CF03-3628-4C11-B3DC-7A2C26643E3E}.Shipping|Win64.Build.0 = Shipping|x64
		{D780BDEA-AEC4-4103-9CA1-F27F755F0050}.DebugGame Editor|HTML5.ActiveCfg = BuiltWithUnrealBuildTool|Win32
		{D780BDEA-AEC4-4103-9CA1-F27F755F0050}.DebugGame Editor|Win32.ActiveCfg = BuiltWithUnrealBuildTool|Win32
		{D780BDEA-AEC4-4103-9CA1-F27F755F0050}.DebugGame Editor|Win64.ActiveCfg = BuiltWithUnrealBuildTool|Win32
		{D780BDEA-AEC4-4103-9CA1-F27F755F0050}.DebugGame|HTML5.ActiveCfg = BuiltWithUnrealBuildTool|Win32
		{D780BDEA-AEC4-4103-9CA1-F27F755F0050}.DebugGame|Win32.ActiveCfg = BuiltWithUnrealBuildTool|Win32
		{D780BDEA-AEC4-4103-9CA1-F27F755F0050}.DebugGame|Win64.ActiveCfg = BuiltWithUnrealBuildTool|Win32
		{D780BDEA-AEC4-4103-9CA1-F27F755F0050}.Development Editor|HTML5.ActiveCfg = BuiltWithUnrealBuildTool|Win32
		{D780BDEA-AEC4-4103-9CA1-F27F755F0050}.Development Editor|Win32.ActiveCfg = BuiltWithUnrealBuildTool|Win32
		{D780BDEA-AEC4-4103-9CA1-F27F755F0050}.Development Editor|Win64.ActiveCfg = BuiltWithUnrealBuildTool|Win32
		{D780BDEA-AEC4-4103-9CA1-F27F755F0050}.Development|HTML5.ActiveCfg = BuiltWithUnrealBuildTool|Win32
		{D780BDEA-AEC4-4103-9CA1-F27F755F0050}.Development|Win32.ActiveCfg = BuiltWithUnrealBuildTool|Win32
		{D780BDEA-AEC4-4103-9CA1-F27F755F0050}.Development|Win64.ActiveCfg = BuiltWithUnrealBuildTool|Win32
		{D780BDEA-AEC4-4103-9CA1-F27F755F0050}.Shipping|HTML5.ActiveCfg = BuiltWithUnrealBuildTool|Win32
		{D780BDEA-AEC4-4103-9CA1-F27F755F0050}.Shipping|Win32.ActiveCfg = BuiltWithUnrealBuildTool|Win32
		{D780BDEA-AEC4-4103-9CA1-F27F755F0050}.Shipping|Win64.ActiveCfg = BuiltWithUnrealBuildTool|Win32
	EndGlobalSection
	GlobalSection(SolutionProperties) = preSolution
		HideSolutionNode = FALSE
	EndGlobalSection
	GlobalSection(NestedProjects) = preSolution
		{D780BDEA-AEC4-4103-9CA1-F27F755F0050} = {E4D3A313-92EA-44BE-B1A6-5C4FF8F0AF98}
		{61D4CF03-3628-4C11-B3DC-7A2C26643E3E} = {8D8B8130-9832-413A-B958-BA1AE0434345}
	EndGlobalSection
EndGlobal
